// !$*UTF8*$!
{
	archiveVersion = 1;
	classes = {
	};
	objectVersion = 50;
	objects = {

/* Begin PBXBuildFile section */
		163A2218222B82F300A438DA /* AppDelegate.m in Sources */ = {isa = PBXBuildFile; fileRef = 163A2217222B82F300A438DA /* AppDelegate.m */; };
		163A2220222B82F400A438DA /* Assets.xcassets in Resources */ = {isa = PBXBuildFile; fileRef = 163A221F222B82F400A438DA /* Assets.xcassets */; };
		163A2223222B82F400A438DA /* LaunchScreen.storyboard in Resources */ = {isa = PBXBuildFile; fileRef = 163A2221222B82F400A438DA /* LaunchScreen.storyboard */; };
		163A2226222B82F400A438DA /* main.m in Sources */ = {isa = PBXBuildFile; fileRef = 163A2225222B82F400A438DA /* main.m */; };
		163A2230222B82F400A438DA /* USEChainWalletTests.m in Sources */ = {isa = PBXBuildFile; fileRef = 163A222F222B82F400A438DA /* USEChainWalletTests.m */; };
		163A223B222B82F500A438DA /* USEChainWalletUITests.m in Sources */ = {isa = PBXBuildFile; fileRef = 163A223A222B82F500A438DA /* USEChainWalletUITests.m */; };
		163A2256222B8A4C00A438DA /* NSData+DataFromString.m in Sources */ = {isa = PBXBuildFile; fileRef = 163A224D222B8A4C00A438DA /* NSData+DataFromString.m */; };
		163A2257222B8A4C00A438DA /* UILabel+Extension.swift in Sources */ = {isa = PBXBuildFile; fileRef = 163A224F222B8A4C00A438DA /* UILabel+Extension.swift */; };
		163A2258222B8A4C00A438DA /* UIButton+Extension.swift in Sources */ = {isa = PBXBuildFile; fileRef = 163A2250222B8A4C00A438DA /* UIButton+Extension.swift */; };
		163A2259222B8A4C00A438DA /* NSString+weishuIsZero.m in Sources */ = {isa = PBXBuildFile; fileRef = 163A2253222B8A4C00A438DA /* NSString+weishuIsZero.m */; };
		163A225A222B8A4C00A438DA /* NSDate+Extension.swift in Sources */ = {isa = PBXBuildFile; fileRef = 163A2254222B8A4C00A438DA /* NSDate+Extension.swift */; };
		163A225B222B8A4C00A438DA /* NSString+Size.m in Sources */ = {isa = PBXBuildFile; fileRef = 163A2255222B8A4C00A438DA /* NSString+Size.m */; };
		163A2260222B8A9E00A438DA /* UseWalletNetworkTools.m in Sources */ = {isa = PBXBuildFile; fileRef = 163A225D222B8A9E00A438DA /* UseWalletNetworkTools.m */; };
		163A2261222B8A9E00A438DA /* UseChainNetSwift.swift in Sources */ = {isa = PBXBuildFile; fileRef = 163A225E222B8A9E00A438DA /* UseChainNetSwift.swift */; };
		163A2276222B8B0B00A438DA /* USEWalletMainNewVC.swift in Sources */ = {isa = PBXBuildFile; fileRef = 163A2267222B8B0B00A438DA /* USEWalletMainNewVC.swift */; };
		163A2277222B8B0B00A438DA /* DZICOBaseVC.swift in Sources */ = {isa = PBXBuildFile; fileRef = 163A2268222B8B0B00A438DA /* DZICOBaseVC.swift */; };
		163A2278222B8B0B00A438DA /* USECoinDetailVC.swift in Sources */ = {isa = PBXBuildFile; fileRef = 163A2269222B8B0B00A438DA /* USECoinDetailVC.swift */; };
		163A2279222B8B0B00A438DA /* USEWalletMainOldVC.swift in Sources */ = {isa = PBXBuildFile; fileRef = 163A226B222B8B0B00A438DA /* USEWalletMainOldVC.swift */; };
		163A227A222B8B0B00A438DA /* USEWalletViewController.swift in Sources */ = {isa = PBXBuildFile; fileRef = 163A226C222B8B0B00A438DA /* USEWalletViewController.swift */; };
		163A227B222B8B0B00A438DA /* USEMineViewController.swift in Sources */ = {isa = PBXBuildFile; fileRef = 163A226D222B8B0B00A438DA /* USEMineViewController.swift */; };
		163A227C222B8B0B00A438DA /* USEDiscoverViewController.swift in Sources */ = {isa = PBXBuildFile; fileRef = 163A226E222B8B0B00A438DA /* USEDiscoverViewController.swift */; };
		163A227D222B8B0B00A438DA /* DZWalletBaseVC.swift in Sources */ = {isa = PBXBuildFile; fileRef = 163A226F222B8B0B00A438DA /* DZWalletBaseVC.swift */; };
		163A227E222B8B0B00A438DA /* USEWalletTxRecordCell.swift in Sources */ = {isa = PBXBuildFile; fileRef = 163A2273222B8B0B00A438DA /* USEWalletTxRecordCell.swift */; };
		163A227F222B8B0B00A438DA /* USEWalletMineCell.swift in Sources */ = {isa = PBXBuildFile; fileRef = 163A2274222B8B0B00A438DA /* USEWalletMineCell.swift */; };
		163A2280222B8B0B00A438DA /* USEWalletAssetCell.swift in Sources */ = {isa = PBXBuildFile; fileRef = 163A2275222B8B0B00A438DA /* USEWalletAssetCell.swift */; };
		163A2283222B8B5F00A438DA /* UseEthersManager.m in Sources */ = {isa = PBXBuildFile; fileRef = 163A2282222B8B5F00A438DA /* UseEthersManager.m */; };
		163A2286222B8B8600A438DA /* ethers.framework in Frameworks */ = {isa = PBXBuildFile; fileRef = 163A2285222B8B8600A438DA /* ethers.framework */; };
		163A2288222B923800A438DA /* Security.framework in Frameworks */ = {isa = PBXBuildFile; fileRef = 163A2287222B923800A438DA /* Security.framework */; };
		163A228B222B930F00A438DA /* KeychainItemWrapper.m in Sources */ = {isa = PBXBuildFile; fileRef = 163A228A222B930E00A438DA /* KeychainItemWrapper.m */; settings = {COMPILER_FLAGS = "-fno-objc-arc"; }; };
		163A2295222B965B00A438DA /* EaseEmoji.m in Sources */ = {isa = PBXBuildFile; fileRef = 163A2290222B965B00A438DA /* EaseEmoji.m */; };
		163A2296222B965B00A438DA /* EaseEmotionEscape.m in Sources */ = {isa = PBXBuildFile; fileRef = 163A2291222B965B00A438DA /* EaseEmotionEscape.m */; };
		163A2297222B965B00A438DA /* EaseEmojiEmoticons.m in Sources */ = {isa = PBXBuildFile; fileRef = 163A2292222B965B00A438DA /* EaseEmojiEmoticons.m */; };
		163A2298222B965B00A438DA /* EaseEmotionManager.m in Sources */ = {isa = PBXBuildFile; fileRef = 163A2294222B965B00A438DA /* EaseEmotionManager.m */; };
		163A22A4222B979400A438DA /* NSString+Valid.m in Sources */ = {isa = PBXBuildFile; fileRef = 163A229A222B979300A438DA /* NSString+Valid.m */; };
		163A22A5222B979400A438DA /* NSDateFormatter+Category.m in Sources */ = {isa = PBXBuildFile; fileRef = 163A229C222B979400A438DA /* NSDateFormatter+Category.m */; };
		163A22A6222B979400A438DA /* UIViewController+HUD.m in Sources */ = {isa = PBXBuildFile; fileRef = 163A229E222B979400A438DA /* UIViewController+HUD.m */; };
		163A22A7222B979400A438DA /* UIViewController+DismissKeyboard.m in Sources */ = {isa = PBXBuildFile; fileRef = 163A22A1222B979400A438DA /* UIViewController+DismissKeyboard.m */; };
		163A22A8222B979400A438DA /* NSDate+Category.m in Sources */ = {isa = PBXBuildFile; fileRef = 163A22A3222B979400A438DA /* NSDate+Category.m */; };
		ADF5BD8E8D5682F2E9702E0C /* Pods_USEChainWallet.framework in Frameworks */ = {isa = PBXBuildFile; fileRef = BD750E48E506D280DC1AD70D /* Pods_USEChainWallet.framework */; };
/* End PBXBuildFile section */

/* Begin PBXContainerItemProxy section */
		163A222C222B82F400A438DA /* PBXContainerItemProxy */ = {
			isa = PBXContainerItemProxy;
			containerPortal = 163A220B222B82F300A438DA /* Project object */;
			proxyType = 1;
			remoteGlobalIDString = 163A2212222B82F300A438DA;
			remoteInfo = USEChainWallet;
		};
		163A2237222B82F500A438DA /* PBXContainerItemProxy */ = {
			isa = PBXContainerItemProxy;
			containerPortal = 163A220B222B82F300A438DA /* Project object */;
			proxyType = 1;
			remoteGlobalIDString = 163A2212222B82F300A438DA;
			remoteInfo = USEChainWallet;
		};
/* End PBXContainerItemProxy section */

/* Begin PBXFileReference section */
		163A2213222B82F300A438DA /* USEChainWallet.app */ = {isa = PBXFileReference; explicitFileType = wrapper.application; includeInIndex = 0; path = USEChainWallet.app; sourceTree = BUILT_PRODUCTS_DIR; };
		163A2216222B82F300A438DA /* AppDelegate.h */ = {isa = PBXFileReference; lastKnownFileType = sourcecode.c.h; path = AppDelegate.h; sourceTree = "<group>"; };
		163A2217222B82F300A438DA /* AppDelegate.m */ = {isa = PBXFileReference; lastKnownFileType = sourcecode.c.objc; path = AppDelegate.m; sourceTree = "<group>"; };
		163A221F222B82F400A438DA /* Assets.xcassets */ = {isa = PBXFileReference; lastKnownFileType = folder.assetcatalog; path = Assets.xcassets; sourceTree = "<group>"; };
		163A2222222B82F400A438DA /* Base */ = {isa = PBXFileReference; lastKnownFileType = file.storyboard; name = Base; path = Base.lproj/LaunchScreen.storyboard; sourceTree = "<group>"; };
		163A2224222B82F400A438DA /* Info.plist */ = {isa = PBXFileReference; lastKnownFileType = text.plist.xml; path = Info.plist; sourceTree = "<group>"; };
		163A2225222B82F400A438DA /* main.m */ = {isa = PBXFileReference; lastKnownFileType = sourcecode.c.objc; path = main.m; sourceTree = "<group>"; };
		163A222B222B82F400A438DA /* USEChainWalletTests.xctest */ = {isa = PBXFileReference; explicitFileType = wrapper.cfbundle; includeInIndex = 0; path = USEChainWalletTests.xctest; sourceTree = BUILT_PRODUCTS_DIR; };
		163A222F222B82F400A438DA /* USEChainWalletTests.m */ = {isa = PBXFileReference; lastKnownFileType = sourcecode.c.objc; path = USEChainWalletTests.m; sourceTree = "<group>"; };
		163A2231222B82F400A438DA /* Info.plist */ = {isa = PBXFileReference; lastKnownFileType = text.plist.xml; path = Info.plist; sourceTree = "<group>"; };
		163A2236222B82F400A438DA /* USEChainWalletUITests.xctest */ = {isa = PBXFileReference; explicitFileType = wrapper.cfbundle; includeInIndex = 0; path = USEChainWalletUITests.xctest; sourceTree = BUILT_PRODUCTS_DIR; };
		163A223A222B82F500A438DA /* USEChainWalletUITests.m */ = {isa = PBXFileReference; lastKnownFileType = sourcecode.c.objc; path = USEChainWalletUITests.m; sourceTree = "<group>"; };
		163A223C222B82F500A438DA /* Info.plist */ = {isa = PBXFileReference; lastKnownFileType = text.plist.xml; path = Info.plist; sourceTree = "<group>"; };
		163A2248222B858A00A438DA /* USEChainWallet-Bridging-Header.h */ = {isa = PBXFileReference; lastKnownFileType = sourcecode.c.h; path = "USEChainWallet-Bridging-Header.h"; sourceTree = "<group>"; };
		163A224B222B866300A438DA /* USEPrefixHeader.pch */ = {isa = PBXFileReference; lastKnownFileType = sourcecode.c.h; path = USEPrefixHeader.pch; sourceTree = "<group>"; };
		163A224D222B8A4C00A438DA /* NSData+DataFromString.m */ = {isa = PBXFileReference; fileEncoding = 4; lastKnownFileType = sourcecode.c.objc; path = "NSData+DataFromString.m"; sourceTree = "<group>"; };
		163A224E222B8A4C00A438DA /* NSString+weishuIsZero.h */ = {isa = PBXFileReference; fileEncoding = 4; lastKnownFileType = sourcecode.c.h; path = "NSString+weishuIsZero.h"; sourceTree = "<group>"; };
		163A224F222B8A4C00A438DA /* UILabel+Extension.swift */ = {isa = PBXFileReference; fileEncoding = 4; lastKnownFileType = sourcecode.swift; path = "UILabel+Extension.swift"; sourceTree = "<group>"; };
		163A2250222B8A4C00A438DA /* UIButton+Extension.swift */ = {isa = PBXFileReference; fileEncoding = 4; lastKnownFileType = sourcecode.swift; path = "UIButton+Extension.swift"; sourceTree = "<group>"; };
		163A2251222B8A4C00A438DA /* NSString+Size.h */ = {isa = PBXFileReference; fileEncoding = 4; lastKnownFileType = sourcecode.c.h; path = "NSString+Size.h"; sourceTree = "<group>"; };
		163A2252222B8A4C00A438DA /* NSData+DataFromString.h */ = {isa = PBXFileReference; fileEncoding = 4; lastKnownFileType = sourcecode.c.h; path = "NSData+DataFromString.h"; sourceTree = "<group>"; };
		163A2253222B8A4C00A438DA /* NSString+weishuIsZero.m */ = {isa = PBXFileReference; fileEncoding = 4; lastKnownFileType = sourcecode.c.objc; path = "NSString+weishuIsZero.m"; sourceTree = "<group>"; };
		163A2254222B8A4C00A438DA /* NSDate+Extension.swift */ = {isa = PBXFileReference; fileEncoding = 4; lastKnownFileType = sourcecode.swift; path = "NSDate+Extension.swift"; sourceTree = "<group>"; };
		163A2255222B8A4C00A438DA /* NSString+Size.m */ = {isa = PBXFileReference; fileEncoding = 4; lastKnownFileType = sourcecode.c.objc; path = "NSString+Size.m"; sourceTree = "<group>"; };
		163A225D222B8A9E00A438DA /* UseWalletNetworkTools.m */ = {isa = PBXFileReference; fileEncoding = 4; lastKnownFileType = sourcecode.c.objc; path = UseWalletNetworkTools.m; sourceTree = "<group>"; };
		163A225E222B8A9E00A438DA /* UseChainNetSwift.swift */ = {isa = PBXFileReference; fileEncoding = 4; lastKnownFileType = sourcecode.swift; path = UseChainNetSwift.swift; sourceTree = "<group>"; };
		163A225F222B8A9E00A438DA /* UseWalletNetworkTools.h */ = {isa = PBXFileReference; fileEncoding = 4; lastKnownFileType = sourcecode.c.h; path = UseWalletNetworkTools.h; sourceTree = "<group>"; };
		163A2267222B8B0B00A438DA /* USEWalletMainNewVC.swift */ = {isa = PBXFileReference; fileEncoding = 4; lastKnownFileType = sourcecode.swift; path = USEWalletMainNewVC.swift; sourceTree = "<group>"; };
		163A2268222B8B0B00A438DA /* DZICOBaseVC.swift */ = {isa = PBXFileReference; fileEncoding = 4; lastKnownFileType = sourcecode.swift; path = DZICOBaseVC.swift; sourceTree = "<group>"; };
		163A2269222B8B0B00A438DA /* USECoinDetailVC.swift */ = {isa = PBXFileReference; fileEncoding = 4; lastKnownFileType = sourcecode.swift; path = USECoinDetailVC.swift; sourceTree = "<group>"; };
		163A226B222B8B0B00A438DA /* USEWalletMainOldVC.swift */ = {isa = PBXFileReference; fileEncoding = 4; lastKnownFileType = sourcecode.swift; path = USEWalletMainOldVC.swift; sourceTree = "<group>"; };
		163A226C222B8B0B00A438DA /* USEWalletViewController.swift */ = {isa = PBXFileReference; fileEncoding = 4; lastKnownFileType = sourcecode.swift; path = USEWalletViewController.swift; sourceTree = "<group>"; };
		163A226D222B8B0B00A438DA /* USEMineViewController.swift */ = {isa = PBXFileReference; fileEncoding = 4; lastKnownFileType = sourcecode.swift; path = USEMineViewController.swift; sourceTree = "<group>"; };
		163A226E222B8B0B00A438DA /* USEDiscoverViewController.swift */ = {isa = PBXFileReference; fileEncoding = 4; lastKnownFileType = sourcecode.swift; path = USEDiscoverViewController.swift; sourceTree = "<group>"; };
		163A226F222B8B0B00A438DA /* DZWalletBaseVC.swift */ = {isa = PBXFileReference; fileEncoding = 4; lastKnownFileType = sourcecode.swift; path = DZWalletBaseVC.swift; sourceTree = "<group>"; };
		163A2273222B8B0B00A438DA /* USEWalletTxRecordCell.swift */ = {isa = PBXFileReference; fileEncoding = 4; lastKnownFileType = sourcecode.swift; path = USEWalletTxRecordCell.swift; sourceTree = "<group>"; };
		163A2274222B8B0B00A438DA /* USEWalletMineCell.swift */ = {isa = PBXFileReference; fileEncoding = 4; lastKnownFileType = sourcecode.swift; path = USEWalletMineCell.swift; sourceTree = "<group>"; };
		163A2275222B8B0B00A438DA /* USEWalletAssetCell.swift */ = {isa = PBXFileReference; fileEncoding = 4; lastKnownFileType = sourcecode.swift; path = USEWalletAssetCell.swift; sourceTree = "<group>"; };
		163A2281222B8B5F00A438DA /* UseEthersManager.h */ = {isa = PBXFileReference; fileEncoding = 4; lastKnownFileType = sourcecode.c.h; path = UseEthersManager.h; sourceTree = "<group>"; };
		163A2282222B8B5F00A438DA /* UseEthersManager.m */ = {isa = PBXFileReference; fileEncoding = 4; lastKnownFileType = sourcecode.c.objc; path = UseEthersManager.m; sourceTree = "<group>"; };
		163A2285222B8B8600A438DA /* ethers.framework */ = {isa = PBXFileReference; lastKnownFileType = wrapper.framework; path = ethers.framework; sourceTree = "<group>"; };
		163A2287222B923800A438DA /* Security.framework */ = {isa = PBXFileReference; lastKnownFileType = wrapper.framework; name = Security.framework; path = System/Library/Frameworks/Security.framework; sourceTree = SDKROOT; };
		163A2289222B930E00A438DA /* KeychainItemWrapper.h */ = {isa = PBXFileReference; fileEncoding = 4; lastKnownFileType = sourcecode.c.h; path = KeychainItemWrapper.h; sourceTree = "<group>"; };
		163A228A222B930E00A438DA /* KeychainItemWrapper.m */ = {isa = PBXFileReference; fileEncoding = 4; lastKnownFileType = sourcecode.c.objc; path = KeychainItemWrapper.m; sourceTree = "<group>"; };
		163A228D222B965B00A438DA /* EaseEmojiEmoticons.h */ = {isa = PBXFileReference; fileEncoding = 4; lastKnownFileType = sourcecode.c.h; path = EaseEmojiEmoticons.h; sourceTree = "<group>"; };
		163A228E222B965B00A438DA /* EaseEmotionEscape.h */ = {isa = PBXFileReference; fileEncoding = 4; lastKnownFileType = sourcecode.c.h; path = EaseEmotionEscape.h; sourceTree = "<group>"; };
		163A228F222B965B00A438DA /* EaseEmotionManager.h */ = {isa = PBXFileReference; fileEncoding = 4; lastKnownFileType = sourcecode.c.h; path = EaseEmotionManager.h; sourceTree = "<group>"; };
		163A2290222B965B00A438DA /* EaseEmoji.m */ = {isa = PBXFileReference; fileEncoding = 4; lastKnownFileType = sourcecode.c.objc; path = EaseEmoji.m; sourceTree = "<group>"; };
		163A2291222B965B00A438DA /* EaseEmotionEscape.m */ = {isa = PBXFileReference; fileEncoding = 4; lastKnownFileType = sourcecode.c.objc; path = EaseEmotionEscape.m; sourceTree = "<group>"; };
		163A2292222B965B00A438DA /* EaseEmojiEmoticons.m */ = {isa = PBXFileReference; fileEncoding = 4; lastKnownFileType = sourcecode.c.objc; path = EaseEmojiEmoticons.m; sourceTree = "<group>"; };
		163A2293222B965B00A438DA /* EaseEmoji.h */ = {isa = PBXFileReference; fileEncoding = 4; lastKnownFileType = sourcecode.c.h; path = EaseEmoji.h; sourceTree = "<group>"; };
		163A2294222B965B00A438DA /* EaseEmotionManager.m */ = {isa = PBXFileReference; fileEncoding = 4; lastKnownFileType = sourcecode.c.objc; path = EaseEmotionManager.m; sourceTree = "<group>"; };
		163A229A222B979300A438DA /* NSString+Valid.m */ = {isa = PBXFileReference; fileEncoding = 4; lastKnownFileType = sourcecode.c.objc; path = "NSString+Valid.m"; sourceTree = "<group>"; };
		163A229B222B979300A438DA /* NSDate+Category.h */ = {isa = PBXFileReference; fileEncoding = 4; lastKnownFileType = sourcecode.c.h; path = "NSDate+Category.h"; sourceTree = "<group>"; };
		163A229C222B979400A438DA /* NSDateFormatter+Category.m */ = {isa = PBXFileReference; fileEncoding = 4; lastKnownFileType = sourcecode.c.objc; path = "NSDateFormatter+Category.m"; sourceTree = "<group>"; };
		163A229D222B979400A438DA /* UIViewController+HUD.h */ = {isa = PBXFileReference; fileEncoding = 4; lastKnownFileType = sourcecode.c.h; path = "UIViewController+HUD.h"; sourceTree = "<group>"; };
		163A229E222B979400A438DA /* UIViewController+HUD.m */ = {isa = PBXFileReference; fileEncoding = 4; lastKnownFileType = sourcecode.c.objc; path = "UIViewController+HUD.m"; sourceTree = "<group>"; };
		163A229F222B979400A438DA /* UIViewController+DismissKeyboard.h */ = {isa = PBXFileReference; fileEncoding = 4; lastKnownFileType = sourcecode.c.h; path = "UIViewController+DismissKeyboard.h"; sourceTree = "<group>"; };
		163A22A0222B979400A438DA /* NSString+Valid.h */ = {isa = PBXFileReference; fileEncoding = 4; lastKnownFileType = sourcecode.c.h; path = "NSString+Valid.h"; sourceTree = "<group>"; };
		163A22A1222B979400A438DA /* UIViewController+DismissKeyboard.m */ = {isa = PBXFileReference; fileEncoding = 4; lastKnownFileType = sourcecode.c.objc; path = "UIViewController+DismissKeyboard.m"; sourceTree = "<group>"; };
		163A22A2222B979400A438DA /* NSDateFormatter+Category.h */ = {isa = PBXFileReference; fileEncoding = 4; lastKnownFileType = sourcecode.c.h; path = "NSDateFormatter+Category.h"; sourceTree = "<group>"; };
		163A22A3222B979400A438DA /* NSDate+Category.m */ = {isa = PBXFileReference; fileEncoding = 4; lastKnownFileType = sourcecode.c.objc; path = "NSDate+Category.m"; sourceTree = "<group>"; };
		163A22A9222B97B300A438DA /* EaseLocalDefine.h */ = {isa = PBXFileReference; fileEncoding = 4; lastKnownFileType = sourcecode.c.h; path = EaseLocalDefine.h; sourceTree = "<group>"; };
		A14A4B074E2B921D57D26B7F /* Pods-USEChainWallet.release.xcconfig */ = {isa = PBXFileReference; includeInIndex = 1; lastKnownFileType = text.xcconfig; name = "Pods-USEChainWallet.release.xcconfig"; path = "Pods/Target Support Files/Pods-USEChainWallet/Pods-USEChainWallet.release.xcconfig"; sourceTree = "<group>"; };
		BD750E48E506D280DC1AD70D /* Pods_USEChainWallet.framework */ = {isa = PBXFileReference; explicitFileType = wrapper.framework; includeInIndex = 0; path = Pods_USEChainWallet.framework; sourceTree = BUILT_PRODUCTS_DIR; };
		F61CC0DE41652A40015681C7 /* Pods-USEChainWallet.debug.xcconfig */ = {isa = PBXFileReference; includeInIndex = 1; lastKnownFileType = text.xcconfig; name = "Pods-USEChainWallet.debug.xcconfig"; path = "Pods/Target Support Files/Pods-USEChainWallet/Pods-USEChainWallet.debug.xcconfig"; sourceTree = "<group>"; };
/* End PBXFileReference section */

/* Begin PBXFrameworksBuildPhase section */
		163A2210222B82F300A438DA /* Frameworks */ = {
			isa = PBXFrameworksBuildPhase;
			buildActionMask = 2147483647;
			files = (
				163A2288222B923800A438DA /* Security.framework in Frameworks */,
				ADF5BD8E8D5682F2E9702E0C /* Pods_USEChainWallet.framework in Frameworks */,
				163A2286222B8B8600A438DA /* ethers.framework in Frameworks */,
			);
			runOnlyForDeploymentPostprocessing = 0;
		};
		163A2228222B82F400A438DA /* Frameworks */ = {
			isa = PBXFrameworksBuildPhase;
			buildActionMask = 2147483647;
			files = (
			);
			runOnlyForDeploymentPostprocessing = 0;
		};
		163A2233222B82F400A438DA /* Frameworks */ = {
			isa = PBXFrameworksBuildPhase;
			buildActionMask = 2147483647;
			files = (
			);
			runOnlyForDeploymentPostprocessing = 0;
		};
/* End PBXFrameworksBuildPhase section */

/* Begin PBXGroup section */
		163A220A222B82F300A438DA = {
			isa = PBXGroup;
			children = (
				163A2215222B82F300A438DA /* USEChainWallet */,
				163A222E222B82F400A438DA /* USEChainWalletTests */,
				163A2239222B82F500A438DA /* USEChainWalletUITests */,
				163A2214222B82F300A438DA /* Products */,
				B23F542BB76B81A2D20F5227 /* Pods */,
				C5F28950A9D9C84DC37EDAED /* Frameworks */,
			);
			sourceTree = "<group>";
		};
		163A2214222B82F300A438DA /* Products */ = {
			isa = PBXGroup;
			children = (
				163A2213222B82F300A438DA /* USEChainWallet.app */,
				163A222B222B82F400A438DA /* USEChainWalletTests.xctest */,
				163A2236222B82F400A438DA /* USEChainWalletUITests.xctest */,
			);
			name = Products;
			sourceTree = "<group>";
		};
		163A2215222B82F300A438DA /* USEChainWallet */ = {
			isa = PBXGroup;
			children = (
				163A2284222B8B7400A438DA /* Frameworks */,
				163A2262222B8B0B00A438DA /* Classes */,
				163A225C222B8A9E00A438DA /* Tools */,
				163A224C222B8A4C00A438DA /* Extensions */,
				163A2216222B82F300A438DA /* AppDelegate.h */,
				163A2217222B82F300A438DA /* AppDelegate.m */,
				163A221F222B82F400A438DA /* Assets.xcassets */,
				163A2221222B82F400A438DA /* LaunchScreen.storyboard */,
				163A2224222B82F400A438DA /* Info.plist */,
				163A2225222B82F400A438DA /* main.m */,
				163A2248222B858A00A438DA /* USEChainWallet-Bridging-Header.h */,
				163A224B222B866300A438DA /* USEPrefixHeader.pch */,
			);
			path = USEChainWallet;
			sourceTree = "<group>";
		};
		163A222E222B82F400A438DA /* USEChainWalletTests */ = {
			isa = PBXGroup;
			children = (
				163A222F222B82F400A438DA /* USEChainWalletTests.m */,
				163A2231222B82F400A438DA /* Info.plist */,
			);
			path = USEChainWalletTests;
			sourceTree = "<group>";
		};
		163A2239222B82F500A438DA /* USEChainWalletUITests */ = {
			isa = PBXGroup;
			children = (
				163A223A222B82F500A438DA /* USEChainWalletUITests.m */,
				163A223C222B82F500A438DA /* Info.plist */,
			);
			path = USEChainWalletUITests;
			sourceTree = "<group>";
		};
		163A224C222B8A4C00A438DA /* Extensions */ = {
			isa = PBXGroup;
			children = (
				163A2299222B978000A438DA /* Categories */,
				163A228C222B965B00A438DA /* Emoji */,
				163A224D222B8A4C00A438DA /* NSData+DataFromString.m */,
				163A224E222B8A4C00A438DA /* NSString+weishuIsZero.h */,
				163A224F222B8A4C00A438DA /* UILabel+Extension.swift */,
				163A2250222B8A4C00A438DA /* UIButton+Extension.swift */,
				163A2251222B8A4C00A438DA /* NSString+Size.h */,
				163A2252222B8A4C00A438DA /* NSData+DataFromString.h */,
				163A2253222B8A4C00A438DA /* NSString+weishuIsZero.m */,
				163A2254222B8A4C00A438DA /* NSDate+Extension.swift */,
				163A2255222B8A4C00A438DA /* NSString+Size.m */,
			);
			path = Extensions;
			sourceTree = "<group>";
		};
		163A225C222B8A9E00A438DA /* Tools */ = {
			isa = PBXGroup;
			children = (
				163A2289222B930E00A438DA /* KeychainItemWrapper.h */,
				163A228A222B930E00A438DA /* KeychainItemWrapper.m */,
				163A225D222B8A9E00A438DA /* UseWalletNetworkTools.m */,
				163A225E222B8A9E00A438DA /* UseChainNetSwift.swift */,
				163A225F222B8A9E00A438DA /* UseWalletNetworkTools.h */,
				163A2281222B8B5F00A438DA /* UseEthersManager.h */,
				163A2282222B8B5F00A438DA /* UseEthersManager.m */,
			);
			path = Tools;
			sourceTree = "<group>";
		};
		163A2262222B8B0B00A438DA /* Classes */ = {
			isa = PBXGroup;
			children = (
				163A2263222B8B0B00A438DA /* ViewModels */,
				163A2264222B8B0B00A438DA /* Models */,
				163A2265222B8B0B00A438DA /* Controllers */,
				163A2270222B8B0B00A438DA /* Views */,
			);
			path = Classes;
			sourceTree = "<group>";
		};
		163A2263222B8B0B00A438DA /* ViewModels */ = {
			isa = PBXGroup;
			children = (
			);
			path = ViewModels;
			sourceTree = "<group>";
		};
		163A2264222B8B0B00A438DA /* Models */ = {
			isa = PBXGroup;
			children = (
			);
			path = Models;
			sourceTree = "<group>";
		};
		163A2265222B8B0B00A438DA /* Controllers */ = {
			isa = PBXGroup;
			children = (
				163A2266222B8B0B00A438DA /* MainNew */,
				163A2268222B8B0B00A438DA /* DZICOBaseVC.swift */,
				163A2269222B8B0B00A438DA /* USECoinDetailVC.swift */,
				163A226A222B8B0B00A438DA /* MainOld */,
				163A226F222B8B0B00A438DA /* DZWalletBaseVC.swift */,
			);
			path = Controllers;
			sourceTree = "<group>";
		};
		163A2266222B8B0B00A438DA /* MainNew */ = {
			isa = PBXGroup;
			children = (
				163A2267222B8B0B00A438DA /* USEWalletMainNewVC.swift */,
			);
			path = MainNew;
			sourceTree = "<group>";
		};
		163A226A222B8B0B00A438DA /* MainOld */ = {
			isa = PBXGroup;
			children = (
				163A226B222B8B0B00A438DA /* USEWalletMainOldVC.swift */,
				163A226C222B8B0B00A438DA /* USEWalletViewController.swift */,
				163A226D222B8B0B00A438DA /* USEMineViewController.swift */,
				163A226E222B8B0B00A438DA /* USEDiscoverViewController.swift */,
			);
			path = MainOld;
			sourceTree = "<group>";
		};
		163A2270222B8B0B00A438DA /* Views */ = {
			isa = PBXGroup;
			children = (
				163A2271222B8B0B00A438DA /* MainOldViews */,
			);
			path = Views;
			sourceTree = "<group>";
		};
		163A2271222B8B0B00A438DA /* MainOldViews */ = {
			isa = PBXGroup;
			children = (
				163A2272222B8B0B00A438DA /* Cells */,
			);
			path = MainOldViews;
			sourceTree = "<group>";
		};
		163A2272222B8B0B00A438DA /* Cells */ = {
			isa = PBXGroup;
			children = (
				163A2273222B8B0B00A438DA /* USEWalletTxRecordCell.swift */,
				163A2274222B8B0B00A438DA /* USEWalletMineCell.swift */,
				163A2275222B8B0B00A438DA /* USEWalletAssetCell.swift */,
			);
			path = Cells;
			sourceTree = "<group>";
		};
		163A2284222B8B7400A438DA /* Frameworks */ = {
			isa = PBXGroup;
			children = (
				163A2285222B8B8600A438DA /* ethers.framework */,
			);
			path = Frameworks;
			sourceTree = "<group>";
		};
		163A228C222B965B00A438DA /* Emoji */ = {
			isa = PBXGroup;
			children = (
				163A228D222B965B00A438DA /* EaseEmojiEmoticons.h */,
				163A228E222B965B00A438DA /* EaseEmotionEscape.h */,
				163A228F222B965B00A438DA /* EaseEmotionManager.h */,
				163A2290222B965B00A438DA /* EaseEmoji.m */,
				163A2291222B965B00A438DA /* EaseEmotionEscape.m */,
				163A2292222B965B00A438DA /* EaseEmojiEmoticons.m */,
				163A2293222B965B00A438DA /* EaseEmoji.h */,
				163A2294222B965B00A438DA /* EaseEmotionManager.m */,
			);
			path = Emoji;
			sourceTree = "<group>";
		};
		163A2299222B978000A438DA /* Categories */ = {
			isa = PBXGroup;
			children = (
				163A22A9222B97B300A438DA /* EaseLocalDefine.h */,
				163A229B222B979300A438DA /* NSDate+Category.h */,
				163A22A3222B979400A438DA /* NSDate+Category.m */,
				163A22A2222B979400A438DA /* NSDateFormatter+Category.h */,
				163A229C222B979400A438DA /* NSDateFormatter+Category.m */,
				163A22A0222B979400A438DA /* NSString+Valid.h */,
				163A229A222B979300A438DA /* NSString+Valid.m */,
				163A229F222B979400A438DA /* UIViewController+DismissKeyboard.h */,
				163A22A1222B979400A438DA /* UIViewController+DismissKeyboard.m */,
				163A229D222B979400A438DA /* UIViewController+HUD.h */,
				163A229E222B979400A438DA /* UIViewController+HUD.m */,
			);
			path = Categories;
			sourceTree = "<group>";
		};
		B23F542BB76B81A2D20F5227 /* Pods */ = {
			isa = PBXGroup;
			children = (
				F61CC0DE41652A40015681C7 /* Pods-USEChainWallet.debug.xcconfig */,
				A14A4B074E2B921D57D26B7F /* Pods-USEChainWallet.release.xcconfig */,
			);
			name = Pods;
			sourceTree = "<group>";
		};
		C5F28950A9D9C84DC37EDAED /* Frameworks */ = {
			isa = PBXGroup;
			children = (
				163A2287222B923800A438DA /* Security.framework */,
				BD750E48E506D280DC1AD70D /* Pods_USEChainWallet.framework */,
			);
			name = Frameworks;
			sourceTree = "<group>";
		};
/* End PBXGroup section */

/* Begin PBXNativeTarget section */
		163A2212222B82F300A438DA /* USEChainWallet */ = {
			isa = PBXNativeTarget;
			buildConfigurationList = 163A223F222B82F500A438DA /* Build configuration list for PBXNativeTarget "USEChainWallet" */;
			buildPhases = (
				6729557383CEC995DBA13103 /* [CP] Check Pods Manifest.lock */,
				163A220F222B82F300A438DA /* Sources */,
				163A2210222B82F300A438DA /* Frameworks */,
				163A2211222B82F300A438DA /* Resources */,
				A5EEE7BDCA4B2511189E3188 /* [CP] Embed Pods Frameworks */,
			);
			buildRules = (
			);
			dependencies = (
			);
			name = USEChainWallet;
			productName = USEChainWallet;
			productReference = 163A2213222B82F300A438DA /* USEChainWallet.app */;
			productType = "com.apple.product-type.application";
		};
		163A222A222B82F400A438DA /* USEChainWalletTests */ = {
			isa = PBXNativeTarget;
			buildConfigurationList = 163A2242222B82F500A438DA /* Build configuration list for PBXNativeTarget "USEChainWalletTests" */;
			buildPhases = (
				163A2227222B82F400A438DA /* Sources */,
				163A2228222B82F400A438DA /* Frameworks */,
				163A2229222B82F400A438DA /* Resources */,
			);
			buildRules = (
			);
			dependencies = (
				163A222D222B82F400A438DA /* PBXTargetDependency */,
			);
			name = USEChainWalletTests;
			productName = USEChainWalletTests;
			productReference = 163A222B222B82F400A438DA /* USEChainWalletTests.xctest */;
			productType = "com.apple.product-type.bundle.unit-test";
		};
		163A2235222B82F400A438DA /* USEChainWalletUITests */ = {
			isa = PBXNativeTarget;
			buildConfigurationList = 163A2245222B82F500A438DA /* Build configuration list for PBXNativeTarget "USEChainWalletUITests" */;
			buildPhases = (
				163A2232222B82F400A438DA /* Sources */,
				163A2233222B82F400A438DA /* Frameworks */,
				163A2234222B82F400A438DA /* Resources */,
			);
			buildRules = (
			);
			dependencies = (
				163A2238222B82F500A438DA /* PBXTargetDependency */,
			);
			name = USEChainWalletUITests;
			productName = USEChainWalletUITests;
			productReference = 163A2236222B82F400A438DA /* USEChainWalletUITests.xctest */;
			productType = "com.apple.product-type.bundle.ui-testing";
		};
/* End PBXNativeTarget section */

/* Begin PBXProject section */
		163A220B222B82F300A438DA /* Project object */ = {
			isa = PBXProject;
			attributes = {
				LastUpgradeCheck = 1010;
				ORGANIZATIONNAME = Jacob;
				TargetAttributes = {
					163A2212222B82F300A438DA = {
						CreatedOnToolsVersion = 10.1;
						LastSwiftMigration = 1010;
					};
					163A222A222B82F400A438DA = {
						CreatedOnToolsVersion = 10.1;
						TestTargetID = 163A2212222B82F300A438DA;
					};
					163A2235222B82F400A438DA = {
						CreatedOnToolsVersion = 10.1;
						TestTargetID = 163A2212222B82F300A438DA;
					};
				};
			};
			buildConfigurationList = 163A220E222B82F300A438DA /* Build configuration list for PBXProject "USEChainWallet" */;
			compatibilityVersion = "Xcode 9.3";
			developmentRegion = en;
			hasScannedForEncodings = 0;
			knownRegions = (
				en,
				Base,
			);
			mainGroup = 163A220A222B82F300A438DA;
			productRefGroup = 163A2214222B82F300A438DA /* Products */;
			projectDirPath = "";
			projectRoot = "";
			targets = (
				163A2212222B82F300A438DA /* USEChainWallet */,
				163A222A222B82F400A438DA /* USEChainWalletTests */,
				163A2235222B82F400A438DA /* USEChainWalletUITests */,
			);
		};
/* End PBXProject section */

/* Begin PBXResourcesBuildPhase section */
		163A2211222B82F300A438DA /* Resources */ = {
			isa = PBXResourcesBuildPhase;
			buildActionMask = 2147483647;
			files = (
				163A2223222B82F400A438DA /* LaunchScreen.storyboard in Resources */,
				163A2220222B82F400A438DA /* Assets.xcassets in Resources */,
			);
			runOnlyForDeploymentPostprocessing = 0;
		};
		163A2229222B82F400A438DA /* Resources */ = {
			isa = PBXResourcesBuildPhase;
			buildActionMask = 2147483647;
			files = (
			);
			runOnlyForDeploymentPostprocessing = 0;
		};
		163A2234222B82F400A438DA /* Resources */ = {
			isa = PBXResourcesBuildPhase;
			buildActionMask = 2147483647;
			files = (
			);
			runOnlyForDeploymentPostprocessing = 0;
		};
/* End PBXResourcesBuildPhase section */

/* Begin PBXShellScriptBuildPhase section */
		6729557383CEC995DBA13103 /* [CP] Check Pods Manifest.lock */ = {
			isa = PBXShellScriptBuildPhase;
			buildActionMask = 2147483647;
			files = (
			);
			inputPaths = (
				"${PODS_PODFILE_DIR_PATH}/Podfile.lock",
				"${PODS_ROOT}/Manifest.lock",
			);
			name = "[CP] Check Pods Manifest.lock";
			outputPaths = (
				"$(DERIVED_FILE_DIR)/Pods-USEChainWallet-checkManifestLockResult.txt",
			);
			runOnlyForDeploymentPostprocessing = 0;
			shellPath = /bin/sh;
			shellScript = "diff \"${PODS_PODFILE_DIR_PATH}/Podfile.lock\" \"${PODS_ROOT}/Manifest.lock\" > /dev/null\nif [ $? != 0 ] ; then\n    # print error to STDERR\n    echo \"error: The sandbox is not in sync with the Podfile.lock. Run 'pod install' or update your CocoaPods installation.\" >&2\n    exit 1\nfi\n# This output is used by Xcode 'outputs' to avoid re-running this script phase.\necho \"SUCCESS\" > \"${SCRIPT_OUTPUT_FILE_0}\"\n";
			showEnvVarsInLog = 0;
		};
		A5EEE7BDCA4B2511189E3188 /* [CP] Embed Pods Frameworks */ = {
			isa = PBXShellScriptBuildPhase;
			buildActionMask = 2147483647;
			files = (
			);
			inputPaths = (
				"${SRCROOT}/Pods/Target Support Files/Pods-USEChainWallet/Pods-USEChainWallet-frameworks.sh",
				"${BUILT_PRODUCTS_DIR}/AFNetworking/AFNetworking.framework",
				"${BUILT_PRODUCTS_DIR}/MBProgressHUD/MBProgressHUD.framework",
				"${BUILT_PRODUCTS_DIR}/MJExtension/MJExtension.framework",
				"${BUILT_PRODUCTS_DIR}/MJRefresh/MJRefresh.framework",
				"${BUILT_PRODUCTS_DIR}/SnapKit/SnapKit.framework",
				"${BUILT_PRODUCTS_DIR}/SwipeMenuViewController/SwipeMenuViewController.framework",
				"${BUILT_PRODUCTS_DIR}/TTTAttributedLabel/TTTAttributedLabel.framework",
				"${BUILT_PRODUCTS_DIR}/TangramKit/TangramKit.framework",
				"${BUILT_PRODUCTS_DIR}/YYCategories/YYCategories.framework",
			);
			name = "[CP] Embed Pods Frameworks";
			outputPaths = (
				"${TARGET_BUILD_DIR}/${FRAMEWORKS_FOLDER_PATH}/AFNetworking.framework",
				"${TARGET_BUILD_DIR}/${FRAMEWORKS_FOLDER_PATH}/MBProgressHUD.framework",
				"${TARGET_BUILD_DIR}/${FRAMEWORKS_FOLDER_PATH}/MJExtension.framework",
				"${TARGET_BUILD_DIR}/${FRAMEWORKS_FOLDER_PATH}/MJRefresh.framework",
				"${TARGET_BUILD_DIR}/${FRAMEWORKS_FOLDER_PATH}/SnapKit.framework",
				"${TARGET_BUILD_DIR}/${FRAMEWORKS_FOLDER_PATH}/SwipeMenuViewController.framework",
				"${TARGET_BUILD_DIR}/${FRAMEWORKS_FOLDER_PATH}/TTTAttributedLabel.framework",
				"${TARGET_BUILD_DIR}/${FRAMEWORKS_FOLDER_PATH}/TangramKit.framework",
				"${TARGET_BUILD_DIR}/${FRAMEWORKS_FOLDER_PATH}/YYCategories.framework",
			);
			runOnlyForDeploymentPostprocessing = 0;
			shellPath = /bin/sh;
			shellScript = "\"${SRCROOT}/Pods/Target Support Files/Pods-USEChainWallet/Pods-USEChainWallet-frameworks.sh\"\n";
			showEnvVarsInLog = 0;
		};
/* End PBXShellScriptBuildPhase section */

/* Begin PBXSourcesBuildPhase section */
		163A220F222B82F300A438DA /* Sources */ = {
			isa = PBXSourcesBuildPhase;
			buildActionMask = 2147483647;
			files = (
				163A22A6222B979400A438DA /* UIViewController+HUD.m in Sources */,
				163A2283222B8B5F00A438DA /* UseEthersManager.m in Sources */,
				163A2296222B965B00A438DA /* EaseEmotionEscape.m in Sources */,
				163A2256222B8A4C00A438DA /* NSData+DataFromString.m in Sources */,
				163A2277222B8B0B00A438DA /* DZICOBaseVC.swift in Sources */,
				163A2261222B8A9E00A438DA /* UseChainNetSwift.swift in Sources */,
				163A2257222B8A4C00A438DA /* UILabel+Extension.swift in Sources */,
				163A22A4222B979400A438DA /* NSString+Valid.m in Sources */,
				163A2298222B965B00A438DA /* EaseEmotionManager.m in Sources */,
				163A225A222B8A4C00A438DA /* NSDate+Extension.swift in Sources */,
				163A2279222B8B0B00A438DA /* USEWalletMainOldVC.swift in Sources */,
				163A227C222B8B0B00A438DA /* USEDiscoverViewController.swift in Sources */,
				163A22A7222B979400A438DA /* UIViewController+DismissKeyboard.m in Sources */,
				163A2295222B965B00A438DA /* EaseEmoji.m in Sources */,
				163A2297222B965B00A438DA /* EaseEmojiEmoticons.m in Sources */,
				163A2278222B8B0B00A438DA /* USECoinDetailVC.swift in Sources */,
				163A225B222B8A4C00A438DA /* NSString+Size.m in Sources */,
				163A22A5222B979400A438DA /* NSDateFormatter+Category.m in Sources */,
				163A227D222B8B0B00A438DA /* DZWalletBaseVC.swift in Sources */,
				163A2226222B82F400A438DA /* main.m in Sources */,
				163A22A8222B979400A438DA /* NSDate+Category.m in Sources */,
				163A2260222B8A9E00A438DA /* UseWalletNetworkTools.m in Sources */,
				163A2280222B8B0B00A438DA /* USEWalletAssetCell.swift in Sources */,
				163A227B222B8B0B00A438DA /* USEMineViewController.swift in Sources */,
				163A2218222B82F300A438DA /* AppDelegate.m in Sources */,
				163A228B222B930F00A438DA /* KeychainItemWrapper.m in Sources */,
				163A227F222B8B0B00A438DA /* USEWalletMineCell.swift in Sources */,
				163A227A222B8B0B00A438DA /* USEWalletViewController.swift in Sources */,
				163A2276222B8B0B00A438DA /* USEWalletMainNewVC.swift in Sources */,
				163A2259222B8A4C00A438DA /* NSString+weishuIsZero.m in Sources */,
				163A2258222B8A4C00A438DA /* UIButton+Extension.swift in Sources */,
				163A227E222B8B0B00A438DA /* USEWalletTxRecordCell.swift in Sources */,
			);
			runOnlyForDeploymentPostprocessing = 0;
		};
		163A2227222B82F400A438DA /* Sources */ = {
			isa = PBXSourcesBuildPhase;
			buildActionMask = 2147483647;
			files = (
				163A2230222B82F400A438DA /* USEChainWalletTests.m in Sources */,
			);
			runOnlyForDeploymentPostprocessing = 0;
		};
		163A2232222B82F400A438DA /* Sources */ = {
			isa = PBXSourcesBuildPhase;
			buildActionMask = 2147483647;
			files = (
				163A223B222B82F500A438DA /* USEChainWalletUITests.m in Sources */,
			);
			runOnlyForDeploymentPostprocessing = 0;
		};
/* End PBXSourcesBuildPhase section */

/* Begin PBXTargetDependency section */
		163A222D222B82F400A438DA /* PBXTargetDependency */ = {
			isa = PBXTargetDependency;
			target = 163A2212222B82F300A438DA /* USEChainWallet */;
			targetProxy = 163A222C222B82F400A438DA /* PBXContainerItemProxy */;
		};
		163A2238222B82F500A438DA /* PBXTargetDependency */ = {
			isa = PBXTargetDependency;
			target = 163A2212222B82F300A438DA /* USEChainWallet */;
			targetProxy = 163A2237222B82F500A438DA /* PBXContainerItemProxy */;
		};
/* End PBXTargetDependency section */

/* Begin PBXVariantGroup section */
		163A2221222B82F400A438DA /* LaunchScreen.storyboard */ = {
			isa = PBXVariantGroup;
			children = (
				163A2222222B82F400A438DA /* Base */,
			);
			name = LaunchScreen.storyboard;
			sourceTree = "<group>";
		};
/* End PBXVariantGroup section */

/* Begin XCBuildConfiguration section */
		163A223D222B82F500A438DA /* Debug */ = {
			isa = XCBuildConfiguration;
			buildSettings = {
				ALWAYS_SEARCH_USER_PATHS = NO;
				CLANG_ANALYZER_NONNULL = YES;
				CLANG_ANALYZER_NUMBER_OBJECT_CONVERSION = YES_AGGRESSIVE;
				CLANG_CXX_LANGUAGE_STANDARD = "gnu++14";
				CLANG_CXX_LIBRARY = "libc++";
				CLANG_ENABLE_MODULES = YES;
				CLANG_ENABLE_OBJC_ARC = YES;
				CLANG_ENABLE_OBJC_WEAK = YES;
				CLANG_WARN_BLOCK_CAPTURE_AUTORELEASING = YES;
				CLANG_WARN_BOOL_CONVERSION = YES;
				CLANG_WARN_COMMA = YES;
				CLANG_WARN_CONSTANT_CONVERSION = YES;
				CLANG_WARN_DEPRECATED_OBJC_IMPLEMENTATIONS = YES;
				CLANG_WARN_DIRECT_OBJC_ISA_USAGE = YES_ERROR;
				CLANG_WARN_DOCUMENTATION_COMMENTS = YES;
				CLANG_WARN_EMPTY_BODY = YES;
				CLANG_WARN_ENUM_CONVERSION = YES;
				CLANG_WARN_INFINITE_RECURSION = YES;
				CLANG_WARN_INT_CONVERSION = YES;
				CLANG_WARN_NON_LITERAL_NULL_CONVERSION = YES;
				CLANG_WARN_OBJC_IMPLICIT_RETAIN_SELF = YES;
				CLANG_WARN_OBJC_LITERAL_CONVERSION = YES;
				CLANG_WARN_OBJC_ROOT_CLASS = YES_ERROR;
				CLANG_WARN_RANGE_LOOP_ANALYSIS = YES;
				CLANG_WARN_STRICT_PROTOTYPES = YES;
				CLANG_WARN_SUSPICIOUS_MOVE = YES;
				CLANG_WARN_UNGUARDED_AVAILABILITY = YES_AGGRESSIVE;
				CLANG_WARN_UNREACHABLE_CODE = YES;
				CLANG_WARN__DUPLICATE_METHOD_MATCH = YES;
				CODE_SIGN_IDENTITY = "iPhone Developer";
				COPY_PHASE_STRIP = NO;
				DEBUG_INFORMATION_FORMAT = dwarf;
				ENABLE_STRICT_OBJC_MSGSEND = YES;
				ENABLE_TESTABILITY = YES;
				GCC_C_LANGUAGE_STANDARD = gnu11;
				GCC_DYNAMIC_NO_PIC = NO;
				GCC_NO_COMMON_BLOCKS = YES;
				GCC_OPTIMIZATION_LEVEL = 0;
				GCC_PREPROCESSOR_DEFINITIONS = (
					"DEBUG=1",
					"$(inherited)",
				);
				GCC_WARN_64_TO_32_BIT_CONVERSION = YES;
				GCC_WARN_ABOUT_RETURN_TYPE = YES_ERROR;
				GCC_WARN_UNDECLARED_SELECTOR = YES;
				GCC_WARN_UNINITIALIZED_AUTOS = YES_AGGRESSIVE;
				GCC_WARN_UNUSED_FUNCTION = YES;
				GCC_WARN_UNUSED_VARIABLE = YES;
				IPHONEOS_DEPLOYMENT_TARGET = 12.1;
				MTL_ENABLE_DEBUG_INFO = INCLUDE_SOURCE;
				MTL_FAST_MATH = YES;
				ONLY_ACTIVE_ARCH = YES;
				SDKROOT = iphoneos;
			};
			name = Debug;
		};
		163A223E222B82F500A438DA /* Release */ = {
			isa = XCBuildConfiguration;
			buildSettings = {
				ALWAYS_SEARCH_USER_PATHS = NO;
				CLANG_ANALYZER_NONNULL = YES;
				CLANG_ANALYZER_NUMBER_OBJECT_CONVERSION = YES_AGGRESSIVE;
				CLANG_CXX_LANGUAGE_STANDARD = "gnu++14";
				CLANG_CXX_LIBRARY = "libc++";
				CLANG_ENABLE_MODULES = YES;
				CLANG_ENABLE_OBJC_ARC = YES;
				CLANG_ENABLE_OBJC_WEAK = YES;
				CLANG_WARN_BLOCK_CAPTURE_AUTORELEASING = YES;
				CLANG_WARN_BOOL_CONVERSION = YES;
				CLANG_WARN_COMMA = YES;
				CLANG_WARN_CONSTANT_CONVERSION = YES;
				CLANG_WARN_DEPRECATED_OBJC_IMPLEMENTATIONS = YES;
				CLANG_WARN_DIRECT_OBJC_ISA_USAGE = YES_ERROR;
				CLANG_WARN_DOCUMENTATION_COMMENTS = YES;
				CLANG_WARN_EMPTY_BODY = YES;
				CLANG_WARN_ENUM_CONVERSION = YES;
				CLANG_WARN_INFINITE_RECURSION = YES;
				CLANG_WARN_INT_CONVERSION = YES;
				CLANG_WARN_NON_LITERAL_NULL_CONVERSION = YES;
				CLANG_WARN_OBJC_IMPLICIT_RETAIN_SELF = YES;
				CLANG_WARN_OBJC_LITERAL_CONVERSION = YES;
				CLANG_WARN_OBJC_ROOT_CLASS = YES_ERROR;
				CLANG_WARN_RANGE_LOOP_ANALYSIS = YES;
				CLANG_WARN_STRICT_PROTOTYPES = YES;
				CLANG_WARN_SUSPICIOUS_MOVE = YES;
				CLANG_WARN_UNGUARDED_AVAILABILITY = YES_AGGRESSIVE;
				CLANG_WARN_UNREACHABLE_CODE = YES;
				CLANG_WARN__DUPLICATE_METHOD_MATCH = YES;
				CODE_SIGN_IDENTITY = "iPhone Developer";
				COPY_PHASE_STRIP = NO;
				DEBUG_INFORMATION_FORMAT = "dwarf-with-dsym";
				ENABLE_NS_ASSERTIONS = NO;
				ENABLE_STRICT_OBJC_MSGSEND = YES;
				GCC_C_LANGUAGE_STANDARD = gnu11;
				GCC_NO_COMMON_BLOCKS = YES;
				GCC_WARN_64_TO_32_BIT_CONVERSION = YES;
				GCC_WARN_ABOUT_RETURN_TYPE = YES_ERROR;
				GCC_WARN_UNDECLARED_SELECTOR = YES;
				GCC_WARN_UNINITIALIZED_AUTOS = YES_AGGRESSIVE;
				GCC_WARN_UNUSED_FUNCTION = YES;
				GCC_WARN_UNUSED_VARIABLE = YES;
				IPHONEOS_DEPLOYMENT_TARGET = 12.1;
				MTL_ENABLE_DEBUG_INFO = NO;
				MTL_FAST_MATH = YES;
				SDKROOT = iphoneos;
				VALIDATE_PRODUCT = YES;
			};
			name = Release;
		};
		163A2240222B82F500A438DA /* Debug */ = {
			isa = XCBuildConfiguration;
			baseConfigurationReference = F61CC0DE41652A40015681C7 /* Pods-USEChainWallet.debug.xcconfig */;
			buildSettings = {
				ASSETCATALOG_COMPILER_APPICON_NAME = AppIcon;
				CLANG_ENABLE_MODULES = YES;
				CODE_SIGN_STYLE = Automatic;
				DEVELOPMENT_TEAM = 8D7WEE2X67;
				FRAMEWORK_SEARCH_PATHS = (
					"$(inherited)",
					"$(PROJECT_DIR)/USEChainWallet/Frameworks",
				);
				GCC_PRECOMPILE_PREFIX_HEADER = YES;
				GCC_PREFIX_HEADER = USEChainWallet/USEPrefixHeader.pch;
				INFOPLIST_FILE = USEChainWallet/Info.plist;
				LD_RUNPATH_SEARCH_PATHS = (
					"$(inherited)",
					"@executable_path/Frameworks",
				);
				PRODUCT_BUNDLE_IDENTIFIER = jacob.com.USEChainWallet;
				PRODUCT_NAME = "$(TARGET_NAME)";
				SWIFT_OBJC_BRIDGING_HEADER = "USEChainWallet/USEChainWallet-Bridging-Header.h";
				SWIFT_OPTIMIZATION_LEVEL = "-Onone";
				SWIFT_VERSION = 4.2;
				TARGETED_DEVICE_FAMILY = "1,2";
			};
			name = Debug;
		};
		163A2241222B82F500A438DA /* Release */ = {
			isa = XCBuildConfiguration;
			baseConfigurationReference = A14A4B074E2B921D57D26B7F /* Pods-USEChainWallet.release.xcconfig */;
			buildSettings = {
				ASSETCATALOG_COMPILER_APPICON_NAME = AppIcon;
				CLANG_ENABLE_MODULES = YES;
				CODE_SIGN_STYLE = Automatic;
				DEVELOPMENT_TEAM = 8D7WEE2X67;
				FRAMEWORK_SEARCH_PATHS = (
					"$(inherited)",
					"$(PROJECT_DIR)/USEChainWallet/Frameworks",
				);
				GCC_PRECOMPILE_PREFIX_HEADER = YES;
				GCC_PREFIX_HEADER = USEChainWallet/USEPrefixHeader.pch;
				INFOPLIST_FILE = USEChainWallet/Info.plist;
				LD_RUNPATH_SEARCH_PATHS = (
					"$(inherited)",
					"@executable_path/Frameworks",
				);
				PRODUCT_BUNDLE_IDENTIFIER = jacob.com.USEChainWallet;
				PRODUCT_NAME = "$(TARGET_NAME)";
				SWIFT_OBJC_BRIDGING_HEADER = "USEChainWallet/USEChainWallet-Bridging-Header.h";
				SWIFT_VERSION = 4.2;
				TARGETED_DEVICE_FAMILY = "1,2";
			};
			name = Release;
		};
		163A2243222B82F500A438DA /* Debug */ = {
			isa = XCBuildConfiguration;
			buildSettings = {
				ALWAYS_EMBED_SWIFT_STANDARD_LIBRARIES = YES;
				BUNDLE_LOADER = "$(TEST_HOST)";
				CODE_SIGN_STYLE = Automatic;
				DEVELOPMENT_TEAM = 8D7WEE2X67;
				INFOPLIST_FILE = USEChainWalletTests/Info.plist;
				LD_RUNPATH_SEARCH_PATHS = (
					"$(inherited)",
					"@executable_path/Frameworks",
					"@loader_path/Frameworks",
				);
				PRODUCT_BUNDLE_IDENTIFIER = jacob.com.USEChainWalletTests;
				PRODUCT_NAME = "$(TARGET_NAME)";
				TARGETED_DEVICE_FAMILY = "1,2";
				TEST_HOST = "$(BUILT_PRODUCTS_DIR)/USEChainWallet.app/USEChainWallet";
			};
			name = Debug;
		};
		163A2244222B82F500A438DA /* Release */ = {
			isa = XCBuildConfiguration;
			buildSettings = {
				ALWAYS_EMBED_SWIFT_STANDARD_LIBRARIES = YES;
				BUNDLE_LOADER = "$(TEST_HOST)";
				CODE_SIGN_STYLE = Automatic;
				DEVELOPMENT_TEAM = 8D7WEE2X67;
				INFOPLIST_FILE = USEChainWalletTests/Info.plist;
				LD_RUNPATH_SEARCH_PATHS = (
					"$(inherited)",
					"@executable_path/Frameworks",
					"@loader_path/Frameworks",
				);
				PRODUCT_BUNDLE_IDENTIFIER = jacob.com.USEChainWalletTests;
				PRODUCT_NAME = "$(TARGET_NAME)";
				TARGETED_DEVICE_FAMILY = "1,2";
				TEST_HOST = "$(BUILT_PRODUCTS_DIR)/USEChainWallet.app/USEChainWallet";
			};
			name = Release;
		};
		163A2246222B82F500A438DA /* Debug */ = {
			isa = XCBuildConfiguration;
			buildSettings = {
				ALWAYS_EMBED_SWIFT_STANDARD_LIBRARIES = YES;
				CODE_SIGN_STYLE = Automatic;
				DEVELOPMENT_TEAM = 8D7WEE2X67;
				INFOPLIST_FILE = USEChainWalletUITests/Info.plist;
				LD_RUNPATH_SEARCH_PATHS = (
					"$(inherited)",
					"@executable_path/Frameworks",
					"@loader_path/Frameworks",
				);
				PRODUCT_BUNDLE_IDENTIFIER = jacob.com.USEChainWalletUITests;
				PRODUCT_NAME = "$(TARGET_NAME)";
				TARGETED_DEVICE_FAMILY = "1,2";
				TEST_TARGET_NAME = USEChainWallet;
			};
			name = Debug;
		};
		163A2247222B82F500A438DA /* Release */ = {
			isa = XCBuildConfiguration;
			buildSettings = {
				ALWAYS_EMBED_SWIFT_STANDARD_LIBRARIES = YES;
				CODE_SIGN_STYLE = Automatic;
				DEVELOPMENT_TEAM = 8D7WEE2X67;
				INFOPLIST_FILE = USEChainWalletUITests/Info.plist;
				LD_RUNPATH_SEARCH_PATHS = (
					"$(inherited)",
					"@executable_path/Frameworks",
					"@loader_path/Frameworks",
				);
				PRODUCT_BUNDLE_IDENTIFIER = jacob.com.USEChainWalletUITests;
				PRODUCT_NAME = "$(TARGET_NAME)";
				TARGETED_DEVICE_FAMILY = "1,2";
				TEST_TARGET_NAME = USEChainWallet;
			};
			name = Release;
		};
/* End XCBuildConfiguration section */

/* Begin XCConfigurationList section */
		163A220E222B82F300A438DA /* Build configuration list for PBXProject "USEChainWallet" */ = {
			isa = XCConfigurationList;
			buildConfigurations = (
				163A223D222B82F500A438DA /* Debug */,
				163A223E222B82F500A438DA /* Release */,
			);
			defaultConfigurationIsVisible = 0;
			defaultConfigurationName = Release;
		};
		163A223F222B82F500A438DA /* Build configuration list for PBXNativeTarget "USEChainWallet" */ = {
			isa = XCConfigurationList;
			buildConfigurations = (
				163A2240222B82F500A438DA /* Debug */,
				163A2241222B82F500A438DA /* Release */,
			);
			defaultConfigurationIsVisible = 0;
			defaultConfigurationName = Release;
		};
		163A2242222B82F500A438DA /* Build configuration list for PBXNativeTarget "USEChainWalletTests" */ = {
			isa = XCConfigurationList;
			buildConfigurations = (
				163A2243222B82F500A438DA /* Debug */,
				163A2244222B82F500A438DA /* Release */,
			);
			defaultConfigurationIsVisible = 0;
			defaultConfigurationName = Release;
		};
		163A2245222B82F500A438DA /* Build configuration list for PBXNativeTarget "USEChainWalletUITests" */ = {
			isa = XCConfigurationList;
			buildConfigurations = (
				163A2246222B82F500A438DA /* Debug */,
				163A2247222B82F500A438DA /* Release */,
			);
			defaultConfigurationIsVisible = 0;
			defaultConfigurationName = Release;
		};
/* End XCConfigurationList section */
	};
	rootObject = 163A220B222B82F300A438DA /* Project object */;
}
