PODS:
  - AFNetworking (3.2.1):
    - AFNetworking/NSURLSession (= 3.2.1)
    - AFNetworking/Reachability (= 3.2.1)
    - AFNetworking/Security (= 3.2.1)
    - AFNetworking/Serialization (= 3.2.1)
    - AFNetworking/UIKit (= 3.2.1)
  - AFNetworking/NSURLSession (3.2.1):
    - AFNetworking/Reachability
    - AFNetworking/Security
    - AFNetworking/Serialization
  - AFNetworking/Reachability (3.2.1)
  - AFNetworking/Security (3.2.1)
  - AFNetworking/Serialization (3.2.1)
  - AFNetworking/UIKit (3.2.1):
    - AFNetworking/NSURLSession
  - MBProgressHUD (0.9.2)
  - MJExtension (3.0.15.1)
  - MJRefresh (3.1.15.7)
  - SnapKit (4.2.0)
  - SwipeMenuViewController (3.0.0)
  - TangramKit (1.3.1)
  - TTTAttributedLabel (2.0.0)
  - YYCategories (1.0.4):
    - YYCategories/no-arc (= 1.0.4)
  - YYCategories/no-arc (1.0.4)

DEPENDENCIES:
  - AFNetworking (~> 3.0)
  - MBProgressHUD (~> 0.9.1)
  - MJExtension
  - MJRefresh
  - SnapKit
  - SwipeMenuViewController
  - TangramKit
  - TTTAttributedLabel
  - YYCategories

SPEC REPOS:
  https://github.com/CocoaPods/Specs.git:
    - AFNetworking
    - MBProgressHUD
    - MJExtension
    - MJRefresh
    - SnapKit
    - SwipeMenuViewController
    - TangramKit
    - TTTAttributedLabel
    - YYCategories

SPEC CHECKSUMS:
  AFNetworking: b6f891fdfaed196b46c7a83cf209e09697b94057
  MBProgressHUD: 1569cf7ace17a8bac47aabfbb8580a49690386d1
  MJExtension: 19bc33ce2eee2d319760f5622562cf581a6ff756
  MJRefresh: 697f8ec75ebdbe9207767bb682cf0f51b0d8a41f
  SnapKit: fe8a619752f3f27075cc9a90244d75c6c3f27e2a
  SwipeMenuViewController: 572a6fcd7fa95c3d744c760d5e836896817c5735
  TangramKit: 1b4ee065845919057bdbe930ba39deecbbff181e
  TTTAttributedLabel: 8cffe8e127e4e82ff3af1e5386d4cd0ad000b656
  YYCategories: 6bcd4314c6661a561410dce4a793379ebd306abd

PODFILE CHECKSUM: e9d4cec859ef8a4fe163b91fcb3c7de45cc08b46

COCOAPODS: 1.5.0
